// !$*UTF8*$!
{
	archiveVersion = 1;
	classes = {
	};
	objectVersion = 46;
	objects = {

/* Begin PBXBuildFile section */
		B322AB591E004BCF00024DC2 /* SettingsTableViewController.swift in Sources */ = {isa = PBXBuildFile; fileRef = B322AB581E004BCF00024DC2 /* SettingsTableViewController.swift */; };
		B322AB5C1E00614300024DC2 /* UIView+Extensions.swift in Sources */ = {isa = PBXBuildFile; fileRef = B322AB5B1E00614300024DC2 /* UIView+Extensions.swift */; };
		B32B935C1E09C166002B5310 /* SettingsViewController.swift in Sources */ = {isa = PBXBuildFile; fileRef = B32B935B1E09C166002B5310 /* SettingsViewController.swift */; };
		B36F33021E09C8BB00B00F4E /* Settings.swift in Sources */ = {isa = PBXBuildFile; fileRef = B36F33011E09C8BB00B00F4E /* Settings.swift */; };
		B36F33041E09F47C00B00F4E /* ActionBarDelegate.swift in Sources */ = {isa = PBXBuildFile; fileRef = B36F33031E09F47C00B00F4E /* ActionBarDelegate.swift */; };
		B36F33091E0B0EE500B00F4E /* AddThingAnnotation.swift in Sources */ = {isa = PBXBuildFile; fileRef = B36F33081E0B0EE500B00F4E /* AddThingAnnotation.swift */; };
		B36F330D1E0B278100B00F4E /* ThingItemTableViewCell.swift in Sources */ = {isa = PBXBuildFile; fileRef = B36F330C1E0B278100B00F4E /* ThingItemTableViewCell.swift */; };
		B36F330F1E0C499D00B00F4E /* AuthViewController.swift in Sources */ = {isa = PBXBuildFile; fileRef = B36F330E1E0C499D00B00F4E /* AuthViewController.swift */; };
		B36F33111E0CA31800B00F4E /* ThingDisplaying.swift in Sources */ = {isa = PBXBuildFile; fileRef = B36F33101E0CA31800B00F4E /* ThingDisplaying.swift */; };
		B36F33131E0CD30900B00F4E /* RoundedButton.swift in Sources */ = {isa = PBXBuildFile; fileRef = B36F33121E0CD30900B00F4E /* RoundedButton.swift */; };
		B36F33151E0E143B00B00F4E /* AuthContainerViewController.swift in Sources */ = {isa = PBXBuildFile; fileRef = B36F33141E0E143B00B00F4E /* AuthContainerViewController.swift */; };
		B38261611DF8F4620058BC7B /* ThingAnnotation.swift in Sources */ = {isa = PBXBuildFile; fileRef = B38261601DF8F4620058BC7B /* ThingAnnotation.swift */; };
		B38E2CD21DDFAA3A00D45EED /* AppDelegate.swift in Sources */ = {isa = PBXBuildFile; fileRef = B38E2CD11DDFAA3A00D45EED /* AppDelegate.swift */; };
		B38E2CD41DDFAA3A00D45EED /* ViewController.swift in Sources */ = {isa = PBXBuildFile; fileRef = B38E2CD31DDFAA3A00D45EED /* ViewController.swift */; };
		B38E2CD71DDFAA3A00D45EED /* Main.storyboard in Resources */ = {isa = PBXBuildFile; fileRef = B38E2CD51DDFAA3A00D45EED /* Main.storyboard */; };
		B38E2CD91DDFAA3A00D45EED /* Assets.xcassets in Resources */ = {isa = PBXBuildFile; fileRef = B38E2CD81DDFAA3A00D45EED /* Assets.xcassets */; };
		B38E2CDC1DDFAA3A00D45EED /* LaunchScreen.storyboard in Resources */ = {isa = PBXBuildFile; fileRef = B38E2CDA1DDFAA3A00D45EED /* LaunchScreen.storyboard */; };
		B38E2CE71DDFAA3A00D45EED /* ThingsTests.swift in Sources */ = {isa = PBXBuildFile; fileRef = B38E2CE61DDFAA3A00D45EED /* ThingsTests.swift */; };
		B38E2CF21DDFB37400D45EED /* AddNoteViewController.swift in Sources */ = {isa = PBXBuildFile; fileRef = B38E2CF11DDFB37400D45EED /* AddNoteViewController.swift */; };
		B38E2CF41DE21B1000D45EED /* NotesViewController.swift in Sources */ = {isa = PBXBuildFile; fileRef = B38E2CF31DE21B1000D45EED /* NotesViewController.swift */; };
		B38E2CFA1DE2206F00D45EED /* CoreData.framework in Frameworks */ = {isa = PBXBuildFile; fileRef = B38E2CF91DE2206F00D45EED /* CoreData.framework */; };
		B38E2CFE1DE220DC00D45EED /* Things.xcdatamodeld in Sources */ = {isa = PBXBuildFile; fileRef = B38E2CFC1DE220DC00D45EED /* Things.xcdatamodeld */; };
		B39411551E0EF2520093A483 /* Authentication.swift in Sources */ = {isa = PBXBuildFile; fileRef = B39411541E0EF2520093A483 /* Authentication.swift */; };
		B394115B1E0F2D0B0093A483 /* KeychainWrapper.m in Sources */ = {isa = PBXBuildFile; fileRef = B394115A1E0F2D0B0093A483 /* KeychainWrapper.m */; };
		B394115E1E1230210093A483 /* LocalAuthentication.framework in Frameworks */ = {isa = PBXBuildFile; fileRef = B394115D1E1230210093A483 /* LocalAuthentication.framework */; };
		B3D01CC31E01E5F500056603 /* Notes.swift in Sources */ = {isa = PBXBuildFile; fileRef = B3D01CC21E01E5F500056603 /* Notes.swift */; };
		B3D01CC61E02E06500056603 /* SettingsTableViewCell.swift in Sources */ = {isa = PBXBuildFile; fileRef = B3D01CC51E02E06500056603 /* SettingsTableViewCell.swift */; };
		B3D01CCC1E0483D500056603 /* NoteDetailViewController.swift in Sources */ = {isa = PBXBuildFile; fileRef = B3D01CCB1E0483D500056603 /* NoteDetailViewController.swift */; };
		B3D01CCE1E0486D600056603 /* CoreExtensions.swift in Sources */ = {isa = PBXBuildFile; fileRef = B3D01CCD1E0486D600056603 /* CoreExtensions.swift */; };
		B3D01CD11E08765600056603 /* EditingDetailDelegate.swift in Sources */ = {isa = PBXBuildFile; fileRef = B3D01CD01E08765600056603 /* EditingDetailDelegate.swift */; };
		B3D01CD51E0895A200056603 /* UIButton+Extensions.swift in Sources */ = {isa = PBXBuildFile; fileRef = B3D01CD41E0895A200056603 /* UIButton+Extensions.swift */; };
/* End PBXBuildFile section */

/* Begin PBXContainerItemProxy section */
		B38E2CE31DDFAA3A00D45EED /* PBXContainerItemProxy */ = {
			isa = PBXContainerItemProxy;
			containerPortal = B38E2CC61DDFAA3A00D45EED /* Project object */;
			proxyType = 1;
			remoteGlobalIDString = B38E2CCD1DDFAA3A00D45EED;
			remoteInfo = Things;
		};
/* End PBXContainerItemProxy section */

/* Begin PBXFileReference section */
		B322AB581E004BCF00024DC2 /* SettingsTableViewController.swift */ = {isa = PBXFileReference; fileEncoding = 4; lastKnownFileType = sourcecode.swift; path = SettingsTableViewController.swift; sourceTree = "<group>"; };
		B322AB5B1E00614300024DC2 /* UIView+Extensions.swift */ = {isa = PBXFileReference; fileEncoding = 4; lastKnownFileType = sourcecode.swift; path = "UIView+Extensions.swift"; sourceTree = "<group>"; };
		B32B935B1E09C166002B5310 /* SettingsViewController.swift */ = {isa = PBXFileReference; fileEncoding = 4; lastKnownFileType = sourcecode.swift; path = SettingsViewController.swift; sourceTree = "<group>"; };
		B36F33011E09C8BB00B00F4E /* Settings.swift */ = {isa = PBXFileReference; fileEncoding = 4; lastKnownFileType = sourcecode.swift; path = Settings.swift; sourceTree = "<group>"; };
		B36F33031E09F47C00B00F4E /* ActionBarDelegate.swift */ = {isa = PBXFileReference; fileEncoding = 4; lastKnownFileType = sourcecode.swift; path = ActionBarDelegate.swift; sourceTree = "<group>"; };
		B36F33081E0B0EE500B00F4E /* AddThingAnnotation.swift */ = {isa = PBXFileReference; fileEncoding = 4; lastKnownFileType = sourcecode.swift; path = AddThingAnnotation.swift; sourceTree = "<group>"; };
		B36F330C1E0B278100B00F4E /* ThingItemTableViewCell.swift */ = {isa = PBXFileReference; fileEncoding = 4; lastKnownFileType = sourcecode.swift; path = ThingItemTableViewCell.swift; sourceTree = "<group>"; };
		B36F330E1E0C499D00B00F4E /* AuthViewController.swift */ = {isa = PBXFileReference; fileEncoding = 4; lastKnownFileType = sourcecode.swift; path = AuthViewController.swift; sourceTree = "<group>"; };
		B36F33101E0CA31800B00F4E /* ThingDisplaying.swift */ = {isa = PBXFileReference; fileEncoding = 4; lastKnownFileType = sourcecode.swift; path = ThingDisplaying.swift; sourceTree = "<group>"; };
		B36F33121E0CD30900B00F4E /* RoundedButton.swift */ = {isa = PBXFileReference; fileEncoding = 4; lastKnownFileType = sourcecode.swift; path = RoundedButton.swift; sourceTree = "<group>"; };
		B36F33141E0E143B00B00F4E /* AuthContainerViewController.swift */ = {isa = PBXFileReference; fileEncoding = 4; lastKnownFileType = sourcecode.swift; path = AuthContainerViewController.swift; sourceTree = "<group>"; };
		B38261601DF8F4620058BC7B /* ThingAnnotation.swift */ = {isa = PBXFileReference; fileEncoding = 4; lastKnownFileType = sourcecode.swift; path = ThingAnnotation.swift; sourceTree = "<group>"; };
		B38E2CCE1DDFAA3A00D45EED /* Things.app */ = {isa = PBXFileReference; explicitFileType = wrapper.application; includeInIndex = 0; path = Things.app; sourceTree = BUILT_PRODUCTS_DIR; };
		B38E2CD11DDFAA3A00D45EED /* AppDelegate.swift */ = {isa = PBXFileReference; lastKnownFileType = sourcecode.swift; path = AppDelegate.swift; sourceTree = "<group>"; };
		B38E2CD31DDFAA3A00D45EED /* ViewController.swift */ = {isa = PBXFileReference; lastKnownFileType = sourcecode.swift; path = ViewController.swift; sourceTree = "<group>"; };
		B38E2CD61DDFAA3A00D45EED /* Base */ = {isa = PBXFileReference; lastKnownFileType = file.storyboard; name = Base; path = Base.lproj/Main.storyboard; sourceTree = "<group>"; };
		B38E2CD81DDFAA3A00D45EED /* Assets.xcassets */ = {isa = PBXFileReference; lastKnownFileType = folder.assetcatalog; path = Assets.xcassets; sourceTree = "<group>"; };
		B38E2CDB1DDFAA3A00D45EED /* Base */ = {isa = PBXFileReference; lastKnownFileType = file.storyboard; name = Base; path = Base.lproj/LaunchScreen.storyboard; sourceTree = "<group>"; };
		B38E2CDD1DDFAA3A00D45EED /* Info.plist */ = {isa = PBXFileReference; lastKnownFileType = text.plist.xml; path = Info.plist; sourceTree = "<group>"; };
		B38E2CE21DDFAA3A00D45EED /* ThingsTests.xctest */ = {isa = PBXFileReference; explicitFileType = wrapper.cfbundle; includeInIndex = 0; path = ThingsTests.xctest; sourceTree = BUILT_PRODUCTS_DIR; };
		B38E2CE61DDFAA3A00D45EED /* ThingsTests.swift */ = {isa = PBXFileReference; lastKnownFileType = sourcecode.swift; path = ThingsTests.swift; sourceTree = "<group>"; };
		B38E2CE81DDFAA3A00D45EED /* Info.plist */ = {isa = PBXFileReference; lastKnownFileType = text.plist.xml; path = Info.plist; sourceTree = "<group>"; };
		B38E2CF11DDFB37400D45EED /* AddNoteViewController.swift */ = {isa = PBXFileReference; fileEncoding = 4; lastKnownFileType = sourcecode.swift; path = AddNoteViewController.swift; sourceTree = "<group>"; };
		B38E2CF31DE21B1000D45EED /* NotesViewController.swift */ = {isa = PBXFileReference; fileEncoding = 4; lastKnownFileType = sourcecode.swift; path = NotesViewController.swift; sourceTree = "<group>"; };
		B38E2CF91DE2206F00D45EED /* CoreData.framework */ = {isa = PBXFileReference; lastKnownFileType = wrapper.framework; name = CoreData.framework; path = System/Library/Frameworks/CoreData.framework; sourceTree = SDKROOT; };
		B38E2CFD1DE220DC00D45EED /* Things.xcdatamodel */ = {isa = PBXFileReference; lastKnownFileType = wrapper.xcdatamodel; path = Things.xcdatamodel; sourceTree = "<group>"; };
		B39411541E0EF2520093A483 /* Authentication.swift */ = {isa = PBXFileReference; fileEncoding = 4; lastKnownFileType = sourcecode.swift; path = Authentication.swift; sourceTree = "<group>"; };
		B39411581E0F2D0A0093A483 /* Things-Bridging-Header.h */ = {isa = PBXFileReference; lastKnownFileType = sourcecode.c.h; path = "Things-Bridging-Header.h"; sourceTree = "<group>"; };
		B39411591E0F2D0B0093A483 /* KeychainWrapper.h */ = {isa = PBXFileReference; fileEncoding = 4; lastKnownFileType = sourcecode.c.h; name = KeychainWrapper.h; path = KeychainWrapper/KeychainWrapper.h; sourceTree = "<group>"; };
		B394115A1E0F2D0B0093A483 /* KeychainWrapper.m */ = {isa = PBXFileReference; fileEncoding = 4; lastKnownFileType = sourcecode.c.objc; name = KeychainWrapper.m; path = KeychainWrapper/KeychainWrapper.m; sourceTree = "<group>"; };
		B394115D1E1230210093A483 /* LocalAuthentication.framework */ = {isa = PBXFileReference; lastKnownFileType = wrapper.framework; name = LocalAuthentication.framework; path = System/Library/Frameworks/LocalAuthentication.framework; sourceTree = SDKROOT; };
		B3D01CC21E01E5F500056603 /* Notes.swift */ = {isa = PBXFileReference; fileEncoding = 4; lastKnownFileType = sourcecode.swift; path = Notes.swift; sourceTree = "<group>"; };
		B3D01CC51E02E06500056603 /* SettingsTableViewCell.swift */ = {isa = PBXFileReference; fileEncoding = 4; lastKnownFileType = sourcecode.swift; path = SettingsTableViewCell.swift; sourceTree = "<group>"; };
		B3D01CCB1E0483D500056603 /* NoteDetailViewController.swift */ = {isa = PBXFileReference; fileEncoding = 4; lastKnownFileType = sourcecode.swift; path = NoteDetailViewController.swift; sourceTree = "<group>"; };
		B3D01CCD1E0486D600056603 /* CoreExtensions.swift */ = {isa = PBXFileReference; fileEncoding = 4; lastKnownFileType = sourcecode.swift; path = CoreExtensions.swift; sourceTree = "<group>"; };
		B3D01CD01E08765600056603 /* EditingDetailDelegate.swift */ = {isa = PBXFileReference; fileEncoding = 4; lastKnownFileType = sourcecode.swift; path = EditingDetailDelegate.swift; sourceTree = "<group>"; };
		B3D01CD41E0895A200056603 /* UIButton+Extensions.swift */ = {isa = PBXFileReference; fileEncoding = 4; lastKnownFileType = sourcecode.swift; path = "UIButton+Extensions.swift"; sourceTree = "<group>"; };
/* End PBXFileReference section */

/* Begin PBXFrameworksBuildPhase section */
		B38E2CCB1DDFAA3A00D45EED /* Frameworks */ = {
			isa = PBXFrameworksBuildPhase;
			buildActionMask = 2147483647;
			files = (
				B394115E1E1230210093A483 /* LocalAuthentication.framework in Frameworks */,
				B38E2CFA1DE2206F00D45EED /* CoreData.framework in Frameworks */,
			);
			runOnlyForDeploymentPostprocessing = 0;
		};
		B38E2CDF1DDFAA3A00D45EED /* Frameworks */ = {
			isa = PBXFrameworksBuildPhase;
			buildActionMask = 2147483647;
			files = (
			);
			runOnlyForDeploymentPostprocessing = 0;
		};
/* End PBXFrameworksBuildPhase section */

/* Begin PBXGroup section */
		B322AB5A1E00611B00024DC2 /* Extensions */ = {
			isa = PBXGroup;
			children = (
				B3D01CD41E0895A200056603 /* UIButton+Extensions.swift */,
				B322AB5B1E00614300024DC2 /* UIView+Extensions.swift */,
			);
			name = Extensions;
			sourceTree = "<group>";
		};
		B36F33071E0B0EAB00B00F4E /* Annotations */ = {
			isa = PBXGroup;
			children = (
				B36F33081E0B0EE500B00F4E /* AddThingAnnotation.swift */,
				B38261601DF8F4620058BC7B /* ThingAnnotation.swift */,
			);
			name = Annotations;
			sourceTree = "<group>";
		};
		B38E2CC51DDFAA3A00D45EED = {
			isa = PBXGroup;
			children = (
				B38E2CD01DDFAA3A00D45EED /* Things */,
				B38E2CE51DDFAA3A00D45EED /* ThingsTests */,
				B38E2CCF1DDFAA3A00D45EED /* Products */,
				B38E2CF81DE2206F00D45EED /* Frameworks */,
			);
			sourceTree = "<group>";
		};
		B38E2CCF1DDFAA3A00D45EED /* Products */ = {
			isa = PBXGroup;
			children = (
				B38E2CCE1DDFAA3A00D45EED /* Things.app */,
				B38E2CE21DDFAA3A00D45EED /* ThingsTests.xctest */,
			);
			name = Products;
			sourceTree = "<group>";
		};
		B38E2CD01DDFAA3A00D45EED /* Things */ = {
			isa = PBXGroup;
			children = (
				B38E2CDD1DDFAA3A00D45EED /* Info.plist */,
				B38E2CD11DDFAA3A00D45EED /* AppDelegate.swift */,
				B38E2CD81DDFAA3A00D45EED /* Assets.xcassets */,
				B394115C1E0F2D170093A483 /* KeychainWrapper */,
				B38E2CDA1DDFAA3A00D45EED /* LaunchScreen.storyboard */,
				B38E2CD51DDFAA3A00D45EED /* Main.storyboard */,
				B36F33071E0B0EAB00B00F4E /* Annotations */,
				B38E2CFB1DE2209200D45EED /* Controllers */,
				B3D01CBD1E01E3B800056603 /* Core */,
				B322AB5A1E00611B00024DC2 /* Extensions */,
				B38E2CF51DE21F6900D45EED /* Models */,
				B3D01CCF1E08762500056603 /* Protocols */,
				B3D01CC41E02E03D00056603 /* SubClasses */,
				B39411581E0F2D0A0093A483 /* Things-Bridging-Header.h */,
			);
			path = Things;
			sourceTree = "<group>";
		};
		B38E2CE51DDFAA3A00D45EED /* ThingsTests */ = {
			isa = PBXGroup;
			children = (
				B38E2CE61DDFAA3A00D45EED /* ThingsTests.swift */,
				B38E2CE81DDFAA3A00D45EED /* Info.plist */,
			);
			path = ThingsTests;
			sourceTree = "<group>";
		};
		B38E2CF51DE21F6900D45EED /* Models */ = {
			isa = PBXGroup;
			children = (
				B38E2CFC1DE220DC00D45EED /* Things.xcdatamodeld */,
			);
			name = Models;
			sourceTree = "<group>";
		};
		B38E2CF81DE2206F00D45EED /* Frameworks */ = {
			isa = PBXGroup;
			children = (
				B394115D1E1230210093A483 /* LocalAuthentication.framework */,
				B38E2CF91DE2206F00D45EED /* CoreData.framework */,
			);
			name = Frameworks;
			sourceTree = "<group>";
		};
		B38E2CFB1DE2209200D45EED /* Controllers */ = {
			isa = PBXGroup;
			children = (
				B36F330E1E0C499D00B00F4E /* AuthViewController.swift */,
				B38E2CF11DDFB37400D45EED /* AddNoteViewController.swift */,
				B3D01CCB1E0483D500056603 /* NoteDetailViewController.swift */,
				B38E2CF31DE21B1000D45EED /* NotesViewController.swift */,
				B322AB581E004BCF00024DC2 /* SettingsTableViewController.swift */,
				B32B935B1E09C166002B5310 /* SettingsViewController.swift */,
				B38E2CD31DDFAA3A00D45EED /* ViewController.swift */,
				B36F33141E0E143B00B00F4E /* AuthContainerViewController.swift */,
			);
			name = Controllers;
			sourceTree = "<group>";
		};
		B394115C1E0F2D170093A483 /* KeychainWrapper */ = {
			isa = PBXGroup;
			children = (
				B39411591E0F2D0B0093A483 /* KeychainWrapper.h */,
				B394115A1E0F2D0B0093A483 /* KeychainWrapper.m */,
			);
			name = KeychainWrapper;
			sourceTree = "<group>";
		};
		B3D01CBD1E01E3B800056603 /* Core */ = {
			isa = PBXGroup;
			children = (
				B3D01CCD1E0486D600056603 /* CoreExtensions.swift */,
				B3D01CC21E01E5F500056603 /* Notes.swift */,
				B36F33011E09C8BB00B00F4E /* Settings.swift */,
				B39411541E0EF2520093A483 /* Authentication.swift */,
			);
			name = Core;
			sourceTree = "<group>";
		};
		B3D01CC41E02E03D00056603 /* SubClasses */ = {
			isa = PBXGroup;
			children = (
				B3D01CC51E02E06500056603 /* SettingsTableViewCell.swift */,
				B36F330C1E0B278100B00F4E /* ThingItemTableViewCell.swift */,
				B36F33121E0CD30900B00F4E /* RoundedButton.swift */,
			);
			name = SubClasses;
			sourceTree = "<group>";
		};
		B3D01CCF1E08762500056603 /* Protocols */ = {
			isa = PBXGroup;
			children = (
				B36F33031E09F47C00B00F4E /* ActionBarDelegate.swift */,
				B3D01CD01E08765600056603 /* EditingDetailDelegate.swift */,
				B36F33101E0CA31800B00F4E /* ThingDisplaying.swift */,
			);
			name = Protocols;
			sourceTree = "<group>";
		};
/* End PBXGroup section */

/* Begin PBXNativeTarget section */
		B38E2CCD1DDFAA3A00D45EED /* Things */ = {
			isa = PBXNativeTarget;
			buildConfigurationList = B38E2CEB1DDFAA3A00D45EED /* Build configuration list for PBXNativeTarget "Things" */;
			buildPhases = (
				B38E2CCA1DDFAA3A00D45EED /* Sources */,
				B38E2CCB1DDFAA3A00D45EED /* Frameworks */,
				B38E2CCC1DDFAA3A00D45EED /* Resources */,
			);
			buildRules = (
			);
			dependencies = (
			);
			name = Things;
			productName = Things;
			productReference = B38E2CCE1DDFAA3A00D45EED /* Things.app */;
			productType = "com.apple.product-type.application";
		};
		B38E2CE11DDFAA3A00D45EED /* ThingsTests */ = {
			isa = PBXNativeTarget;
			buildConfigurationList = B38E2CEE1DDFAA3A00D45EED /* Build configuration list for PBXNativeTarget "ThingsTests" */;
			buildPhases = (
				B38E2CDE1DDFAA3A00D45EED /* Sources */,
				B38E2CDF1DDFAA3A00D45EED /* Frameworks */,
				B38E2CE01DDFAA3A00D45EED /* Resources */,
			);
			buildRules = (
			);
			dependencies = (
				B38E2CE41DDFAA3A00D45EED /* PBXTargetDependency */,
			);
			name = ThingsTests;
			productName = ThingsTests;
			productReference = B38E2CE21DDFAA3A00D45EED /* ThingsTests.xctest */;
			productType = "com.apple.product-type.bundle.unit-test";
		};
/* End PBXNativeTarget section */

/* Begin PBXProject section */
		B38E2CC61DDFAA3A00D45EED /* Project object */ = {
			isa = PBXProject;
			attributes = {
				LastSwiftUpdateCheck = 0810;
				LastUpgradeCheck = 0820;
				ORGANIZATIONNAME = Bonnected;
				TargetAttributes = {
					B38E2CCD1DDFAA3A00D45EED = {
						CreatedOnToolsVersion = 8.1;
						DevelopmentTeam = 8M69H866KB;
						LastSwiftMigration = 0820;
						ProvisioningStyle = Automatic;
					};
					B38E2CE11DDFAA3A00D45EED = {
						CreatedOnToolsVersion = 8.1;
						DevelopmentTeam = 8M69H866KB;
						ProvisioningStyle = Automatic;
						TestTargetID = B38E2CCD1DDFAA3A00D45EED;
					};
				};
			};
			buildConfigurationList = B38E2CC91DDFAA3A00D45EED /* Build configuration list for PBXProject "Things" */;
			compatibilityVersion = "Xcode 3.2";
			developmentRegion = English;
			hasScannedForEncodings = 0;
			knownRegions = (
				en,
				Base,
			);
			mainGroup = B38E2CC51DDFAA3A00D45EED;
			productRefGroup = B38E2CCF1DDFAA3A00D45EED /* Products */;
			projectDirPath = "";
			projectRoot = "";
			targets = (
				B38E2CCD1DDFAA3A00D45EED /* Things */,
				B38E2CE11DDFAA3A00D45EED /* ThingsTests */,
			);
		};
/* End PBXProject section */

/* Begin PBXResourcesBuildPhase section */
		B38E2CCC1DDFAA3A00D45EED /* Resources */ = {
			isa = PBXResourcesBuildPhase;
			buildActionMask = 2147483647;
			files = (
				B38E2CDC1DDFAA3A00D45EED /* LaunchScreen.storyboard in Resources */,
				B38E2CD91DDFAA3A00D45EED /* Assets.xcassets in Resources */,
				B38E2CD71DDFAA3A00D45EED /* Main.storyboard in Resources */,
			);
			runOnlyForDeploymentPostprocessing = 0;
		};
		B38E2CE01DDFAA3A00D45EED /* Resources */ = {
			isa = PBXResourcesBuildPhase;
			buildActionMask = 2147483647;
			files = (
			);
			runOnlyForDeploymentPostprocessing = 0;
		};
/* End PBXResourcesBuildPhase section */

/* Begin PBXSourcesBuildPhase section */
		B38E2CCA1DDFAA3A00D45EED /* Sources */ = {
			isa = PBXSourcesBuildPhase;
			buildActionMask = 2147483647;
			files = (
				B38E2CF41DE21B1000D45EED /* NotesViewController.swift in Sources */,
				B3D01CD11E08765600056603 /* EditingDetailDelegate.swift in Sources */,
				B3D01CCE1E0486D600056603 /* CoreExtensions.swift in Sources */,
				B36F33021E09C8BB00B00F4E /* Settings.swift in Sources */,
				B36F33151E0E143B00B00F4E /* AuthContainerViewController.swift in Sources */,
				B3D01CC31E01E5F500056603 /* Notes.swift in Sources */,
				B38E2CD41DDFAA3A00D45EED /* ViewController.swift in Sources */,
				B36F33111E0CA31800B00F4E /* ThingDisplaying.swift in Sources */,
				B322AB5C1E00614300024DC2 /* UIView+Extensions.swift in Sources */,
				B38E2CFE1DE220DC00D45EED /* Things.xcdatamodeld in Sources */,
				B32B935C1E09C166002B5310 /* SettingsViewController.swift in Sources */,
				B3D01CCC1E0483D500056603 /* NoteDetailViewController.swift in Sources */,
				B38E2CD21DDFAA3A00D45EED /* AppDelegate.swift in Sources */,
				B38E2CF21DDFB37400D45EED /* AddNoteViewController.swift in Sources */,
				B36F330F1E0C499D00B00F4E /* AuthViewController.swift in Sources */,
				B38261611DF8F4620058BC7B /* ThingAnnotation.swift in Sources */,
				B3D01CC61E02E06500056603 /* SettingsTableViewCell.swift in Sources */,
				B36F33041E09F47C00B00F4E /* ActionBarDelegate.swift in Sources */,
				B36F33131E0CD30900B00F4E /* RoundedButton.swift in Sources */,
				B36F33091E0B0EE500B00F4E /* AddThingAnnotation.swift in Sources */,
				B322AB591E004BCF00024DC2 /* SettingsTableViewController.swift in Sources */,
				B3D01CD51E0895A200056603 /* UIButton+Extensions.swift in Sources */,
				B36F330D1E0B278100B00F4E /* ThingItemTableViewCell.swift in Sources */,
				B39411551E0EF2520093A483 /* Authentication.swift in Sources */,
				B394115B1E0F2D0B0093A483 /* KeychainWrapper.m in Sources */,
			);
			runOnlyForDeploymentPostprocessing = 0;
		};
		B38E2CDE1DDFAA3A00D45EED /* Sources */ = {
			isa = PBXSourcesBuildPhase;
			buildActionMask = 2147483647;
			files = (
				B38E2CE71DDFAA3A00D45EED /* ThingsTests.swift in Sources */,
			);
			runOnlyForDeploymentPostprocessing = 0;
		};
/* End PBXSourcesBuildPhase section */

/* Begin PBXTargetDependency section */
		B38E2CE41DDFAA3A00D45EED /* PBXTargetDependency */ = {
			isa = PBXTargetDependency;
			target = B38E2CCD1DDFAA3A00D45EED /* Things */;
			targetProxy = B38E2CE31DDFAA3A00D45EED /* PBXContainerItemProxy */;
		};
/* End PBXTargetDependency section */

/* Begin PBXVariantGroup section */
		B38E2CD51DDFAA3A00D45EED /* Main.storyboard */ = {
			isa = PBXVariantGroup;
			children = (
				B38E2CD61DDFAA3A00D45EED /* Base */,
			);
			name = Main.storyboard;
			sourceTree = "<group>";
		};
		B38E2CDA1DDFAA3A00D45EED /* LaunchScreen.storyboard */ = {
			isa = PBXVariantGroup;
			children = (
				B38E2CDB1DDFAA3A00D45EED /* Base */,
			);
			name = LaunchScreen.storyboard;
			sourceTree = "<group>";
		};
/* End PBXVariantGroup section */

/* Begin XCBuildConfiguration section */
		B38E2CE91DDFAA3A00D45EED /* Debug */ = {
			isa = XCBuildConfiguration;
			buildSettings = {
				ALWAYS_SEARCH_USER_PATHS = NO;
				CLANG_ANALYZER_NONNULL = YES;
				CLANG_CXX_LANGUAGE_STANDARD = "gnu++0x";
				CLANG_CXX_LIBRARY = "libc++";
				CLANG_ENABLE_MODULES = YES;
				CLANG_ENABLE_OBJC_ARC = YES;
				CLANG_WARN_BOOL_CONVERSION = YES;
				CLANG_WARN_CONSTANT_CONVERSION = YES;
				CLANG_WARN_DIRECT_OBJC_ISA_USAGE = YES_ERROR;
				CLANG_WARN_DOCUMENTATION_COMMENTS = YES;
				CLANG_WARN_EMPTY_BODY = YES;
				CLANG_WARN_ENUM_CONVERSION = YES;
				CLANG_WARN_INFINITE_RECURSION = YES;
				CLANG_WARN_INT_CONVERSION = YES;
				CLANG_WARN_OBJC_ROOT_CLASS = YES_ERROR;
				CLANG_WARN_SUSPICIOUS_MOVE = YES;
				CLANG_WARN_SUSPICIOUS_MOVES = YES;
				CLANG_WARN_UNREACHABLE_CODE = YES;
				CLANG_WARN__DUPLICATE_METHOD_MATCH = YES;
				"CODE_SIGN_IDENTITY[sdk=iphoneos*]" = "iPhone Developer";
				COPY_PHASE_STRIP = NO;
				DEBUG_INFORMATION_FORMAT = dwarf;
				ENABLE_STRICT_OBJC_MSGSEND = YES;
				ENABLE_TESTABILITY = YES;
				GCC_C_LANGUAGE_STANDARD = gnu99;
				GCC_DYNAMIC_NO_PIC = NO;
				GCC_NO_COMMON_BLOCKS = YES;
				GCC_OPTIMIZATION_LEVEL = 0;
				GCC_PREPROCESSOR_DEFINITIONS = (
					"DEBUG=1",
					"$(inherited)",
				);
				GCC_WARN_64_TO_32_BIT_CONVERSION = YES;
				GCC_WARN_ABOUT_RETURN_TYPE = YES_ERROR;
				GCC_WARN_UNDECLARED_SELECTOR = YES;
				GCC_WARN_UNINITIALIZED_AUTOS = YES_AGGRESSIVE;
				GCC_WARN_UNUSED_FUNCTION = YES;
				GCC_WARN_UNUSED_VARIABLE = YES;
				IPHONEOS_DEPLOYMENT_TARGET = 10.1;
				MTL_ENABLE_DEBUG_INFO = YES;
				ONLY_ACTIVE_ARCH = YES;
				SDKROOT = iphoneos;
				SWIFT_ACTIVE_COMPILATION_CONDITIONS = DEBUG;
				SWIFT_OPTIMIZATION_LEVEL = "-Onone";
			};
			name = Debug;
		};
		B38E2CEA1DDFAA3A00D45EED /* Release */ = {
			isa = XCBuildConfiguration;
			buildSettings = {
				ALWAYS_SEARCH_USER_PATHS = NO;
				CLANG_ANALYZER_NONNULL = YES;
				CLANG_CXX_LANGUAGE_STANDARD = "gnu++0x";
				CLANG_CXX_LIBRARY = "libc++";
				CLANG_ENABLE_MODULES = YES;
				CLANG_ENABLE_OBJC_ARC = YES;
				CLANG_WARN_BOOL_CONVERSION = YES;
				CLANG_WARN_CONSTANT_CONVERSION = YES;
				CLANG_WARN_DIRECT_OBJC_ISA_USAGE = YES_ERROR;
				CLANG_WARN_DOCUMENTATION_COMMENTS = YES;
				CLANG_WARN_EMPTY_BODY = YES;
				CLANG_WARN_ENUM_CONVERSION = YES;
				CLANG_WARN_INFINITE_RECURSION = YES;
				CLANG_WARN_INT_CONVERSION = YES;
				CLANG_WARN_OBJC_ROOT_CLASS = YES_ERROR;
				CLANG_WARN_SUSPICIOUS_MOVE = YES;
				CLANG_WARN_SUSPICIOUS_MOVES = YES;
				CLANG_WARN_UNREACHABLE_CODE = YES;
				CLANG_WARN__DUPLICATE_METHOD_MATCH = YES;
				"CODE_SIGN_IDENTITY[sdk=iphoneos*]" = "iPhone Developer";
				COPY_PHASE_STRIP = NO;
				DEBUG_INFORMATION_FORMAT = "dwarf-with-dsym";
				ENABLE_NS_ASSERTIONS = NO;
				ENABLE_STRICT_OBJC_MSGSEND = YES;
				GCC_C_LANGUAGE_STANDARD = gnu99;
				GCC_NO_COMMON_BLOCKS = YES;
				GCC_WARN_64_TO_32_BIT_CONVERSION = YES;
				GCC_WARN_ABOUT_RETURN_TYPE = YES_ERROR;
				GCC_WARN_UNDECLARED_SELECTOR = YES;
				GCC_WARN_UNINITIALIZED_AUTOS = YES_AGGRESSIVE;
				GCC_WARN_UNUSED_FUNCTION = YES;
				GCC_WARN_UNUSED_VARIABLE = YES;
				IPHONEOS_DEPLOYMENT_TARGET = 10.1;
				MTL_ENABLE_DEBUG_INFO = NO;
				SDKROOT = iphoneos;
				SWIFT_OPTIMIZATION_LEVEL = "-Owholemodule";
				VALIDATE_PRODUCT = YES;
			};
			name = Release;
		};
		B38E2CEC1DDFAA3A00D45EED /* Debug */ = {
			isa = XCBuildConfiguration;
			buildSettings = {
				ASSETCATALOG_COMPILER_APPICON_NAME = AppIcon;
				CLANG_ENABLE_MODULES = YES;
				"CODE_SIGN_IDENTITY[sdk=iphoneos*]" = "iPhone Developer";
				DEVELOPMENT_TEAM = 8M69H866KB;
				INFOPLIST_FILE = Things/Info.plist;
				IPHONEOS_DEPLOYMENT_TARGET = 10.0;
				LD_RUNPATH_SEARCH_PATHS = "$(inherited) @executable_path/Frameworks";
				PRODUCT_BUNDLE_IDENTIFIER = com.Bonnected.Things;
				PRODUCT_NAME = "$(TARGET_NAME)";
				SWIFT_OBJC_BRIDGING_HEADER = "Things/Things-Bridging-Header.h";
				SWIFT_OPTIMIZATION_LEVEL = "-Onone";
				SWIFT_VERSION = 3.0;
			};
			name = Debug;
		};
		B38E2CED1DDFAA3A00D45EED /* Release */ = {
			isa = XCBuildConfiguration;
			buildSettings = {
				ASSETCATALOG_COMPILER_APPICON_NAME = AppIcon;
				CLANG_ENABLE_MODULES = YES;
				"CODE_SIGN_IDENTITY[sdk=iphoneos*]" = "iPhone Developer";
				DEVELOPMENT_TEAM = 8M69H866KB;
				INFOPLIST_FILE = Things/Info.plist;
				IPHONEOS_DEPLOYMENT_TARGET = 10.0;
				LD_RUNPATH_SEARCH_PATHS = "$(inherited) @executable_path/Frameworks";
				PRODUCT_BUNDLE_IDENTIFIER = com.Bonnected.Things;
				PRODUCT_NAME = "$(TARGET_NAME)";
				SWIFT_OBJC_BRIDGING_HEADER = "Things/Things-Bridging-Header.h";
				SWIFT_VERSION = 3.0;
			};
			name = Release;
		};
		B38E2CEF1DDFAA3A00D45EED /* Debug */ = {
			isa = XCBuildConfiguration;
			buildSettings = {
				ALWAYS_EMBED_SWIFT_STANDARD_LIBRARIES = YES;
				BUNDLE_LOADER = "$(TEST_HOST)";
				DEVELOPMENT_TEAM = 8M69H866KB;
				INFOPLIST_FILE = ThingsTests/Info.plist;
				LD_RUNPATH_SEARCH_PATHS = "$(inherited) @executable_path/Frameworks @loader_path/Frameworks";
				PRODUCT_BUNDLE_IDENTIFIER = com.Bonnected.ThingsTests;
				PRODUCT_NAME = "$(TARGET_NAME)";
				SWIFT_VERSION = 3.0;
				TEST_HOST = "$(BUILT_PRODUCTS_DIR)/Things.app/Things";
			};
			name = Debug;
		};
		B38E2CF01DDFAA3A00D45EED /* Release */ = {
			isa = XCBuildConfiguration;
			buildSettings = {
				ALWAYS_EMBED_SWIFT_STANDARD_LIBRARIES = YES;
				BUNDLE_LOADER = "$(TEST_HOST)";
				DEVELOPMENT_TEAM = 8M69H866KB;
				INFOPLIST_FILE = ThingsTests/Info.plist;
				LD_RUNPATH_SEARCH_PATHS = "$(inherited) @executable_path/Frameworks @loader_path/Frameworks";
				PRODUCT_BUNDLE_IDENTIFIER = com.Bonnected.ThingsTests;
				PRODUCT_NAME = "$(TARGET_NAME)";
				SWIFT_VERSION = 3.0;
				TEST_HOST = "$(BUILT_PRODUCTS_DIR)/Things.app/Things";
			};
			name = Release;
		};
/* End XCBuildConfiguration section */

/* Begin XCConfigurationList section */
		B38E2CC91DDFAA3A00D45EED /* Build configuration list for PBXProject "Things" */ = {
			isa = XCConfigurationList;
			buildConfigurations = (
				B38E2CE91DDFAA3A00D45EED /* Debug */,
				B38E2CEA1DDFAA3A00D45EED /* Release */,
			);
			defaultConfigurationIsVisible = 0;
			defaultConfigurationName = Release;
		};
		B38E2CEB1DDFAA3A00D45EED /* Build configuration list for PBXNativeTarget "Things" */ = {
			isa = XCConfigurationList;
			buildConfigurations = (
				B38E2CEC1DDFAA3A00D45EED /* Debug */,
				B38E2CED1DDFAA3A00D45EED /* Release */,
			);
			defaultConfigurationIsVisible = 0;
			defaultConfigurationName = Release;
		};
		B38E2CEE1DDFAA3A00D45EED /* Build configuration list for PBXNativeTarget "ThingsTests" */ = {
			isa = XCConfigurationList;
			buildConfigurations = (
				B38E2CEF1DDFAA3A00D45EED /* Debug */,
				B38E2CF01DDFAA3A00D45EED /* Release */,
			);
			defaultConfigurationIsVisible = 0;
			defaultConfigurationName = Release;
		};
/* End XCConfigurationList section */

/* Begin XCVersionGroup section */
		B38E2CFC1DE220DC00D45EED /* Things.xcdatamodeld */ = {
			isa = XCVersionGroup;
			children = (
				B38E2CFD1DE220DC00D45EED /* Things.xcdatamodel */,
			);
			currentVersion = B38E2CFD1DE220DC00D45EED /* Things.xcdatamodel */;
			path = Things.xcdatamodeld;
			sourceTree = "<group>";
			versionGroupType = wrapper.xcdatamodel;
		};
/* End XCVersionGroup section */
	};
	rootObject = B38E2CC61DDFAA3A00D45EED /* Project object */;
}
